// !$*UTF8*$!
{
	archiveVersion = 1;
	classes = {
	};
	objectVersion = 50;
	objects = {

/* Begin PBXBuildFile section */
		E5259901258CB720002CB7A0 /* AppDelegate.swift in Sources */ = {isa = PBXBuildFile; fileRef = E5259900258CB720002CB7A0 /* AppDelegate.swift */; };
		E5259903258CB720002CB7A0 /* SceneDelegate.swift in Sources */ = {isa = PBXBuildFile; fileRef = E5259902258CB720002CB7A0 /* SceneDelegate.swift */; };
		E5259905258CB720002CB7A0 /* ContentView.swift in Sources */ = {isa = PBXBuildFile; fileRef = E5259904258CB720002CB7A0 /* ContentView.swift */; };
		E5259907258CB740002CB7A0 /* Assets.xcassets in Resources */ = {isa = PBXBuildFile; fileRef = E5259906258CB740002CB7A0 /* Assets.xcassets */; };
		E525990A258CB740002CB7A0 /* Preview Assets.xcassets in Resources */ = {isa = PBXBuildFile; fileRef = E5259909258CB740002CB7A0 /* Preview Assets.xcassets */; };
		E525990D258CB740002CB7A0 /* LaunchScreen.storyboard in Resources */ = {isa = PBXBuildFile; fileRef = E525990B258CB740002CB7A0 /* LaunchScreen.storyboard */; };
		E5259916258CBB72002CB7A0 /* model.swift in Sources */ = {isa = PBXBuildFile; fileRef = E5259915258CBB71002CB7A0 /* model.swift */; };
		E5259926258CCB19002CB7A0 /* ContentViewModel.swift in Sources */ = {isa = PBXBuildFile; fileRef = E5259925258CCB19002CB7A0 /* ContentViewModel.swift */; };
		E525992D258CCC9D002CB7A0 /* Bundle-Decodable.swift in Sources */ = {isa = PBXBuildFile; fileRef = E5259924258CCA28002CB7A0 /* Bundle-Decodable.swift */; };
		E525993A258CD4DA002CB7A0 /* alljson in Resources */ = {isa = PBXBuildFile; fileRef = E5259939258CD4DA002CB7A0 /* alljson */; };
/* End PBXBuildFile section */

/* Begin PBXFileReference section */
		E52598FD258CB71F002CB7A0 /* RandomName.app */ = {isa = PBXFileReference; explicitFileType = wrapper.application; includeInIndex = 0; path = RandomName.app; sourceTree = BUILT_PRODUCTS_DIR; };
		E5259900258CB720002CB7A0 /* AppDelegate.swift */ = {isa = PBXFileReference; lastKnownFileType = sourcecode.swift; path = AppDelegate.swift; sourceTree = "<group>"; };
		E5259902258CB720002CB7A0 /* SceneDelegate.swift */ = {isa = PBXFileReference; lastKnownFileType = sourcecode.swift; path = SceneDelegate.swift; sourceTree = "<group>"; };
		E5259904258CB720002CB7A0 /* ContentView.swift */ = {isa = PBXFileReference; lastKnownFileType = sourcecode.swift; path = ContentView.swift; sourceTree = "<group>"; };
		E5259906258CB740002CB7A0 /* Assets.xcassets */ = {isa = PBXFileReference; lastKnownFileType = folder.assetcatalog; path = Assets.xcassets; sourceTree = "<group>"; };
		E5259909258CB740002CB7A0 /* Preview Assets.xcassets */ = {isa = PBXFileReference; lastKnownFileType = folder.assetcatalog; path = "Preview Assets.xcassets"; sourceTree = "<group>"; };
		E525990C258CB740002CB7A0 /* Base */ = {isa = PBXFileReference; lastKnownFileType = file.storyboard; name = Base; path = Base.lproj/LaunchScreen.storyboard; sourceTree = "<group>"; };
		E525990E258CB740002CB7A0 /* Info.plist */ = {isa = PBXFileReference; lastKnownFileType = text.plist.xml; path = Info.plist; sourceTree = "<group>"; };
		E5259915258CBB71002CB7A0 /* model.swift */ = {isa = PBXFileReference; lastKnownFileType = sourcecode.swift; path = model.swift; sourceTree = "<group>"; };
		E5259924258CCA28002CB7A0 /* Bundle-Decodable.swift */ = {isa = PBXFileReference; lastKnownFileType = sourcecode.swift; path = "Bundle-Decodable.swift"; sourceTree = "<group>"; };
		E5259925258CCB19002CB7A0 /* ContentViewModel.swift */ = {isa = PBXFileReference; lastKnownFileType = sourcecode.swift; path = ContentViewModel.swift; sourceTree = "<group>"; };
		E5259939258CD4DA002CB7A0 /* alljson */ = {isa = PBXFileReference; lastKnownFileType = folder; path = alljson; sourceTree = "<group>"; };
/* End PBXFileReference section */

/* Begin PBXFrameworksBuildPhase section */
		E52598FA258CB71F002CB7A0 /* Frameworks */ = {
			isa = PBXFrameworksBuildPhase;
			buildActionMask = 2147483647;
			files = (
			);
			runOnlyForDeploymentPostprocessing = 0;
		};
/* End PBXFrameworksBuildPhase section */

/* Begin PBXGroup section */
		E52598F4258CB71E002CB7A0 = {
			isa = PBXGroup;
			children = (
				E52598FF258CB71F002CB7A0 /* RandomName */,
				E52598FE258CB71F002CB7A0 /* Products */,
			);
			sourceTree = "<group>";
		};
		E52598FE258CB71F002CB7A0 /* Products */ = {
			isa = PBXGroup;
			children = (
				E52598FD258CB71F002CB7A0 /* RandomName.app */,
			);
			name = Products;
			sourceTree = "<group>";
		};
		E52598FF258CB71F002CB7A0 /* RandomName */ = {
			isa = PBXGroup;
			children = (
				E5259939258CD4DA002CB7A0 /* alljson */,
				E5259915258CBB71002CB7A0 /* model.swift */,
				E5259900258CB720002CB7A0 /* AppDelegate.swift */,
				E5259902258CB720002CB7A0 /* SceneDelegate.swift */,
				E5259904258CB720002CB7A0 /* ContentView.swift */,
				E5259925258CCB19002CB7A0 /* ContentViewModel.swift */,
				E5259924258CCA28002CB7A0 /* Bundle-Decodable.swift */,
				E5259906258CB740002CB7A0 /* Assets.xcassets */,
				E525990B258CB740002CB7A0 /* LaunchScreen.storyboard */,
				E525990E258CB740002CB7A0 /* Info.plist */,
				E5259908258CB740002CB7A0 /* Preview Content */,
			);
			path = RandomName;
			sourceTree = "<group>";
		};
		E5259908258CB740002CB7A0 /* Preview Content */ = {
			isa = PBXGroup;
			children = (
				E5259909258CB740002CB7A0 /* Preview Assets.xcassets */,
			);
			path = "Preview Content";
			sourceTree = "<group>";
		};
/* End PBXGroup section */

/* Begin PBXNativeTarget section */
		E52598FC258CB71F002CB7A0 /* RandomName */ = {
			isa = PBXNativeTarget;
			buildConfigurationList = E5259911258CB740002CB7A0 /* Build configuration list for PBXNativeTarget "RandomName" */;
			buildPhases = (
				E52598F9258CB71F002CB7A0 /* Sources */,
				E52598FA258CB71F002CB7A0 /* Frameworks */,
				E52598FB258CB71F002CB7A0 /* Resources */,
			);
			buildRules = (
			);
			dependencies = (
			);
			name = RandomName;
			productName = RandomName;
			productReference = E52598FD258CB71F002CB7A0 /* RandomName.app */;
			productType = "com.apple.product-type.application";
		};
/* End PBXNativeTarget section */

/* Begin PBXProject section */
		E52598F5258CB71E002CB7A0 /* Project object */ = {
			isa = PBXProject;
			attributes = {
				LastSwiftUpdateCheck = 1210;
				LastUpgradeCheck = 1210;
				TargetAttributes = {
					E52598FC258CB71F002CB7A0 = {
						CreatedOnToolsVersion = 12.1;
					};
				};
			};
			buildConfigurationList = E52598F8258CB71F002CB7A0 /* Build configuration list for PBXProject "RandomName" */;
			compatibilityVersion = "Xcode 9.3";
			developmentRegion = en;
			hasScannedForEncodings = 0;
			knownRegions = (
				en,
				Base,
			);
			mainGroup = E52598F4258CB71E002CB7A0;
			productRefGroup = E52598FE258CB71F002CB7A0 /* Products */;
			projectDirPath = "";
			projectRoot = "";
			targets = (
				E52598FC258CB71F002CB7A0 /* RandomName */,
			);
		};
/* End PBXProject section */

/* Begin PBXResourcesBuildPhase section */
		E52598FB258CB71F002CB7A0 /* Resources */ = {
			isa = PBXResourcesBuildPhase;
			buildActionMask = 2147483647;
			files = (
				E525990D258CB740002CB7A0 /* LaunchScreen.storyboard in Resources */,
				E525990A258CB740002CB7A0 /* Preview Assets.xcassets in Resources */,
				E525993A258CD4DA002CB7A0 /* alljson in Resources */,
				E5259907258CB740002CB7A0 /* Assets.xcassets in Resources */,
			);
			runOnlyForDeploymentPostprocessing = 0;
		};
/* End PBXResourcesBuildPhase section */

/* Begin PBXSourcesBuildPhase section */
		E52598F9258CB71F002CB7A0 /* Sources */ = {
			isa = PBXSourcesBuildPhase;
			buildActionMask = 2147483647;
			files = (
				E5259901258CB720002CB7A0 /* AppDelegate.swift in Sources */,
				E5259903258CB720002CB7A0 /* SceneDelegate.swift in Sources */,
				E5259926258CCB19002CB7A0 /* ContentViewModel.swift in Sources */,
				E5259916258CBB72002CB7A0 /* model.swift in Sources */,
				E5259905258CB720002CB7A0 /* ContentView.swift in Sources */,
				E525992D258CCC9D002CB7A0 /* Bundle-Decodable.swift in Sources */,
			);
			runOnlyForDeploymentPostprocessing = 0;
		};
/* End PBXSourcesBuildPhase section */

/* Begin PBXVariantGroup section */
		E525990B258CB740002CB7A0 /* LaunchScreen.storyboard */ = {
			isa = PBXVariantGroup;
			children = (
				E525990C258CB740002CB7A0 /* Base */,
			);
			name = LaunchScreen.storyboard;
			sourceTree = "<group>";
		};
/* End PBXVariantGroup section */

/* Begin XCBuildConfiguration section */
		E525990F258CB740002CB7A0 /* Debug */ = {
			isa = XCBuildConfiguration;
			buildSettings = {
				ALWAYS_SEARCH_USER_PATHS = NO;
				CLANG_ANALYZER_NONNULL = YES;
				CLANG_ANALYZER_NUMBER_OBJECT_CONVERSION = YES_AGGRESSIVE;
				CLANG_CXX_LANGUAGE_STANDARD = "gnu++14";
				CLANG_CXX_LIBRARY = "libc++";
				CLANG_ENABLE_MODULES = YES;
				CLANG_ENABLE_OBJC_ARC = YES;
				CLANG_ENABLE_OBJC_WEAK = YES;
				CLANG_WARN_BLOCK_CAPTURE_AUTORELEASING = YES;
				CLANG_WARN_BOOL_CONVERSION = YES;
				CLANG_WARN_COMMA = YES;
				CLANG_WARN_CONSTANT_CONVERSION = YES;
				CLANG_WARN_DEPRECATED_OBJC_IMPLEMENTATIONS = YES;
				CLANG_WARN_DIRECT_OBJC_ISA_USAGE = YES_ERROR;
				CLANG_WARN_DOCUMENTATION_COMMENTS = YES;
				CLANG_WARN_EMPTY_BODY = YES;
				CLANG_WARN_ENUM_CONVERSION = YES;
				CLANG_WARN_INFINITE_RECURSION = YES;
				CLANG_WARN_INT_CONVERSION = YES;
				CLANG_WARN_NON_LITERAL_NULL_CONVERSION = YES;
				CLANG_WARN_OBJC_IMPLICIT_RETAIN_SELF = YES;
				CLANG_WARN_OBJC_LITERAL_CONVERSION = YES;
				CLANG_WARN_OBJC_ROOT_CLASS = YES_ERROR;
				CLANG_WARN_QUOTED_INCLUDE_IN_FRAMEWORK_HEADER = YES;
				CLANG_WARN_RANGE_LOOP_ANALYSIS = YES;
				CLANG_WARN_STRICT_PROTOTYPES = YES;
				CLANG_WARN_SUSPICIOUS_MOVE = YES;
				CLANG_WARN_UNGUARDED_AVAILABILITY = YES_AGGRESSIVE;
				CLANG_WARN_UNREACHABLE_CODE = YES;
				CLANG_WARN__DUPLICATE_METHOD_MATCH = YES;
				COPY_PHASE_STRIP = NO;
				DEBUG_INFORMATION_FORMAT = dwarf;
				ENABLE_STRICT_OBJC_MSGSEND = YES;
				ENABLE_TESTABILITY = YES;
				GCC_C_LANGUAGE_STANDARD = gnu11;
				GCC_DYNAMIC_NO_PIC = NO;
				GCC_NO_COMMON_BLOCKS = YES;
				GCC_OPTIMIZATION_LEVEL = 0;
				GCC_PREPROCESSOR_DEFINITIONS = (
					"DEBUG=1",
					"$(inherited)",
				);
				GCC_WARN_64_TO_32_BIT_CONVERSION = YES;
				GCC_WARN_ABOUT_RETURN_TYPE = YES_ERROR;
				GCC_WARN_UNDECLARED_SELECTOR = YES;
				GCC_WARN_UNINITIALIZED_AUTOS = YES_AGGRESSIVE;
				GCC_WARN_UNUSED_FUNCTION = YES;
				GCC_WARN_UNUSED_VARIABLE = YES;
				IPHONEOS_DEPLOYMENT_TARGET = 14.1;
				MTL_ENABLE_DEBUG_INFO = INCLUDE_SOURCE;
				MTL_FAST_MATH = YES;
				ONLY_ACTIVE_ARCH = YES;
				SDKROOT = iphoneos;
				SWIFT_ACTIVE_COMPILATION_CONDITIONS = DEBUG;
				SWIFT_OPTIMIZATION_LEVEL = "-Onone";
			};
			name = Debug;
		};
		E5259910258CB740002CB7A0 /* Release */ = {
			isa = XCBuildConfiguration;
			buildSettings = {
				ALWAYS_SEARCH_USER_PATHS = NO;
				CLANG_ANALYZER_NONNULL = YES;
				CLANG_ANALYZER_NUMBER_OBJECT_CONVERSION = YES_AGGRESSIVE;
				CLANG_CXX_LANGUAGE_STANDARD = "gnu++14";
				CLANG_CXX_LIBRARY = "libc++";
				CLANG_ENABLE_MODULES = YES;
				CLANG_ENABLE_OBJC_ARC = YES;
				CLANG_ENABLE_OBJC_WEAK = YES;
				CLANG_WARN_BLOCK_CAPTURE_AUTORELEASING = YES;
				CLANG_WARN_BOOL_CONVERSION = YES;
				CLANG_WARN_COMMA = YES;
				CLANG_WARN_CONSTANT_CONVERSION = YES;
				CLANG_WARN_DEPRECATED_OBJC_IMPLEMENTATIONS = YES;
				CLANG_WARN_DIRECT_OBJC_ISA_USAGE = YES_ERROR;
				CLANG_WARN_DOCUMENTATION_COMMENTS = YES;
				CLANG_WARN_EMPTY_BODY = YES;
				CLANG_WARN_ENUM_CONVERSION = YES;
				CLANG_WARN_INFINITE_RECURSION = YES;
				CLANG_WARN_INT_CONVERSION = YES;
				CLANG_WARN_NON_LITERAL_NULL_CONVERSION = YES;
				CLANG_WARN_OBJC_IMPLICIT_RETAIN_SELF = YES;
				CLANG_WARN_OBJC_LITERAL_CONVERSION = YES;
				CLANG_WARN_OBJC_ROOT_CLASS = YES_ERROR;
				CLANG_WARN_QUOTED_INCLUDE_IN_FRAMEWORK_HEADER = YES;
				CLANG_WARN_RANGE_LOOP_ANALYSIS = YES;
				CLANG_WARN_STRICT_PROTOTYPES = YES;
				CLANG_WARN_SUSPICIOUS_MOVE = YES;
				CLANG_WARN_UNGUARDED_AVAILABILITY = YES_AGGRESSIVE;
				CLANG_WARN_UNREACHABLE_CODE = YES;
				CLANG_WARN__DUPLICATE_METHOD_MATCH = YES;
				COPY_PHASE_STRIP = NO;
				DEBUG_INFORMATION_FORMAT = "dwarf-with-dsym";
				ENABLE_NS_ASSERTIONS = NO;
				ENABLE_STRICT_OBJC_MSGSEND = YES;
				GCC_C_LANGUAGE_STANDARD = gnu11;
				GCC_NO_COMMON_BLOCKS = YES;
				GCC_WARN_64_TO_32_BIT_CONVERSION = YES;
				GCC_WARN_ABOUT_RETURN_TYPE = YES_ERROR;
				GCC_WARN_UNDECLARED_SELECTOR = YES;
				GCC_WARN_UNINITIALIZED_AUTOS = YES_AGGRESSIVE;
				GCC_WARN_UNUSED_FUNCTION = YES;
				GCC_WARN_UNUSED_VARIABLE = YES;
				IPHONEOS_DEPLOYMENT_TARGET = 14.1;
				MTL_ENABLE_DEBUG_INFO = NO;
				MTL_FAST_MATH = YES;
				SDKROOT = iphoneos;
				SWIFT_COMPILATION_MODE = wholemodule;
				SWIFT_OPTIMIZATION_LEVEL = "-O";
				VALIDATE_PRODUCT = YES;
			};
			name = Release;
		};
		E5259912258CB740002CB7A0 /* Debug */ = {
			isa = XCBuildConfiguration;
			buildSettings = {
				ASSETCATALOG_COMPILER_APPICON_NAME = AppIcon;
				ASSETCATALOG_COMPILER_GLOBAL_ACCENT_COLOR_NAME = AccentColor;
				CODE_SIGN_STYLE = Automatic;
				DEVELOPMENT_ASSET_PATHS = "\"RandomName/Preview Content\"";
				DEVELOPMENT_TEAM = CX7WE23P77;
				ENABLE_PREVIEWS = YES;
				INFOPLIST_FILE = RandomName/Info.plist;
				LD_RUNPATH_SEARCH_PATHS = (
					"$(inherited)",
					"@executable_path/Frameworks",
				);
				PRODUCT_BUNDLE_IDENTIFIER = com.grenleaf.com.RandomName;
				PRODUCT_NAME = "$(TARGET_NAME)";
				SWIFT_VERSION = 5.0;
				TARGETED_DEVICE_FAMILY = "1,2";
			};
			name = Debug;
		};
		E5259913258CB740002CB7A0 /* Release */ = {
			isa = XCBuildConfiguration;
			buildSettings = {
				ASSETCATALOG_COMPILER_APPICON_NAME = AppIcon;
				ASSETCATALOG_COMPILER_GLOBAL_ACCENT_COLOR_NAME = AccentColor;
				CODE_SIGN_STYLE = Automatic;
				DEVELOPMENT_ASSET_PATHS = "\"RandomName/Preview Content\"";
				DEVELOPMENT_TEAM = CX7WE23P77;
				ENABLE_PREVIEWS = YES;
				INFOPLIST_FILE = RandomName/Info.plist;
				LD_RUNPATH_SEARCH_PATHS = (
					"$(inherited)",
					"@executable_path/Frameworks",
				);
				PRODUCT_BUNDLE_IDENTIFIER = com.grenleaf.com.RandomName;
				PRODUCT_NAME = "$(TARGET_NAME)";
				SWIFT_VERSION = 5.0;
				TARGETED_DEVICE_FAMILY = "1,2";
			};
			name = Release;
		};
/* End XCBuildConfiguration section */

/* Begin XCConfigurationList section */
		E52598F8258CB71F002CB7A0 /* Build configuration list for PBXProject "RandomName" */ = {
			isa = XCConfigurationList;
			buildConfigurations = (
				E525990F258CB740002CB7A0 /* Debug */,
				E5259910258CB740002CB7A0 /* Release */,
			);
			defaultConfigurationIsVisible = 0;
			defaultConfigurationName = Release;
		};
		E5259911258CB740002CB7A0 /* Build configuration list for PBXNativeTarget "RandomName" */ = {
			isa = XCConfigurationList;
			buildConfigurations = (
				E5259912258CB740002CB7A0 /* Debug */,
				E5259913258CB740002CB7A0 /* Release */,
			);
			defaultConfigurationIsVisible = 0;
			defaultConfigurationName = Release;
		};
/* End XCConfigurationList section */
	};
	rootObject = E52598F5258CB71E002CB7A0 /* Project object */;
}
